{
  "nodes": {
    "emacs-conf": {
      "flake": false,
      "locked": {
        "lastModified": 1770023853,
        "narHash": "sha256-MXMAUbIf/9KhdqBp/lfPJDtzbizbIdr0DKdPO/vzVlg=",
        "owner": "boxboy523",
        "repo": "emacs-config",
        "rev": "2524be83e8dd608770b0ea03df0c63a6059aac6a",
        "type": "github"
      },
      "original": {
        "owner": "boxboy523",
        "repo": "emacs-config",
        "type": "github"
      }
    },
    "hahmlet": {
      "flake": false,
      "locked": {
        "narHash": "sha256-eh3OykXPbCYNk3w/W2jBciwZTXhWhIlm/cnh1nWfHWY=",
        "type": "file",
        "url": "https://github.com/hyper-type/hahmlet"
      },
      "original": {
        "type": "file",
        "url": "https://github.com/hyper-type/hahmlet"
      }
    },
    "home-manager": {
      "inputs": {
        "nixpkgs": [
          "nixpkgs"
        ]
      },
      "locked": {
        "lastModified": 1769978395,
        "narHash": "sha256-gj1yP3spUb1vGtaF5qPhshd2j0cg4xf51pklDsIm19Q=",
        "owner": "nix-community",
        "repo": "home-manager",
        "rev": "984708c34d3495a518e6ab6b8633469bbca2f77a",
        "type": "github"
      },
      "original": {
        "owner": "nix-community",
        "repo": "home-manager",
        "type": "github"
      }
    },
    "hypr-conf": {
      "flake": false,
      "locked": {
        "lastModified": 1770017142,
        "narHash": "sha256-bSDdGZOyRU1nHGPHQBg6J+eSsqtqwAYwMSxMgbJN6HE=",
        "owner": "boxboy523",
        "repo": "hypr",
        "rev": "1d8623a31fdb5028724107da3243ecf27cd6289c",
        "type": "github"
      },
      "original": {
        "owner": "boxboy523",
        "repo": "hypr",
        "type": "github"
      }
    },
    "monoplex": {
      "flake": false,
      "locked": {
        "lastModified": 1635773682,
        "narHash": "sha256-gGmFrXrMUosTTFKLq20BETa3yUEyhFKA2h7UC8pFmWE=",
        "type": "tarball",
        "url": "https://github.com/y-kim/monoplex/releases/download/v0.0.2/MonoplexKR-v0.0.2.zip"
      },
      "original": {
        "type": "tarball",
        "url": "https://github.com/y-kim/monoplex/releases/download/v0.0.2/MonoplexKR-v0.0.2.zip"
      }
    },
    "nanum-neo": {
      "flake": false,
      "locked": {
        "lastModified": 1671610072,
        "narHash": "sha256-Hvs7C/lGCQuNlcF+OuaMitA8LcmYxDzrCsanaGgtXiA=",
        "owner": "moonspam",
        "repo": "NanumSquareNeo",
        "rev": "2fcec32b56150befeaddc0d751845bf8972be7f4",
        "type": "github"
      },
      "original": {
        "owner": "moonspam",
        "repo": "NanumSquareNeo",
        "type": "github"
      }
    },
    "nixos-hardware": {
      "locked": {
        "lastModified": 1769302137,
        "narHash": "sha256-QEDtctEkOsbx8nlFh4yqPEOtr4tif6KTqWwJ37IM2ds=",
        "owner": "NixOS",
        "repo": "nixos-hardware",
        "rev": "a351494b0e35fd7c0b7a1aae82f0afddf4907aa8",
        "type": "github"
      },
      "original": {
        "owner": "NixOS",
        "ref": "master",
        "repo": "nixos-hardware",
        "type": "github"
      }
    },
    "nixpkgs": {
      "locked": {
        "lastModified": 1769789167,
        "narHash": "sha256-kKB3bqYJU5nzYeIROI82Ef9VtTbu4uA3YydSk/Bioa8=",
        "owner": "nixos",
        "repo": "nixpkgs",
        "rev": "62c8382960464ceb98ea593cb8321a2cf8f9e3e5",
        "type": "github"
      },
      "original": {
        "owner": "nixos",
        "ref": "nixos-unstable",
        "repo": "nixpkgs",
        "type": "github"
      }
    },
    "rofi-conf": {
      "flake": false,
      "locked": {
        "lastModified": 1768906438,
        "narHash": "sha256-lgxAOk5VBFC9snjMuXnoDTB0Spkf+ziB8U2BZCAzaME=",
        "owner": "boxboy523",
        "repo": "rofi",
        "rev": "2877bef7f7bce1114d19f8fdb709bec97b611e30",
        "type": "github"
      },
      "original": {
        "owner": "boxboy523",
        "repo": "rofi",
        "type": "github"
      }
    },
    "root": {
      "inputs": {
        "emacs-conf": "emacs-conf",
        "hahmlet": "hahmlet",
        "home-manager": "home-manager",
        "hypr-conf": "hypr-conf",
        "monoplex": "monoplex",
        "nanum-neo": "nanum-neo",
        "nixos-hardware": "nixos-hardware",
        "nixpkgs": "nixpkgs",
        "rofi-conf": "rofi-conf",
        "waybar-conf": "waybar-conf"
      }
    },
    "waybar-conf": {
      "flake": false,
      "locked": {
        "lastModified": 1768906324,
        "narHash": "sha256-gaIoKQrBoANaEJ6R6jsaEB1zX+bEJP3M6R7rpE/U1sc=",
        "owner": "boxboy523",
        "repo": "waybar",
        "rev": "f50c32e65cbf0d182741e5f76a15843d8206df6a",
        "type": "github"
      },
      "original": {
        "owner": "boxboy523",
        "repo": "waybar",
        "type": "github"
      }
    }
  },
  "root": "root",
  "version": 7
}
