{
  "nodes": {
    "emacs-conf": {
      "flake": false,
      "locked": {
        "lastModified": 1770898862,
        "narHash": "sha256-XMOI99mCwAtaH/GDuDH1P016MGDB7CNQ9TUtdSitxxk=",
        "owner": "boxboy523",
        "repo": "emacs-config",
        "rev": "bd1ba89ac2615c728afc1159062bb5204c9b7785",
        "type": "github"
      },
      "original": {
        "owner": "boxboy523",
        "repo": "emacs-config",
        "type": "github"
      }
    },
    "hahmlet": {
      "flake": false,
      "locked": {
        "narHash": "sha256-kpiyQcJ1NlDlylsc3lTYWRPQVIMSiQym2d3Qdk8GHV4=",
        "type": "file",
        "url": "https://github.com/hyper-type/hahmlet"
      },
      "original": {
        "type": "file",
        "url": "https://github.com/hyper-type/hahmlet"
      }
    },
    "home-manager": {
      "inputs": {
        "nixpkgs": [
          "nixpkgs"
        ]
      },
      "locked": {
        "lastModified": 1771188132,
        "narHash": "sha256-qLXxN/tPrZtnekaLBQuVtxQfvqqs5cT5WbyH4zZaTGI=",
        "owner": "nix-community",
        "repo": "home-manager",
        "rev": "ae8003d8b61d0d373e7ca3da1a48f9c870d15df9",
        "type": "github"
      },
      "original": {
        "owner": "nix-community",
        "repo": "home-manager",
        "type": "github"
      }
    },
    "hypr-conf": {
      "flake": false,
      "locked": {
        "lastModified": 1771055813,
        "narHash": "sha256-jTmedqn5HvJpZ57EdoOBuzDwvFphDv2kFjgM++mwJXg=",
        "owner": "boxboy523",
        "repo": "hypr",
        "rev": "6c76b2f54c47d6706b23017a8a5dc23c42fb6a97",
        "type": "github"
      },
      "original": {
        "owner": "boxboy523",
        "repo": "hypr",
        "type": "github"
      }
    },
    "monoplex": {
      "flake": false,
      "locked": {
        "lastModified": 1635773682,
        "narHash": "sha256-gGmFrXrMUosTTFKLq20BETa3yUEyhFKA2h7UC8pFmWE=",
        "type": "tarball",
        "url": "https://github.com/y-kim/monoplex/releases/download/v0.0.2/MonoplexKR-v0.0.2.zip"
      },
      "original": {
        "type": "tarball",
        "url": "https://github.com/y-kim/monoplex/releases/download/v0.0.2/MonoplexKR-v0.0.2.zip"
      }
    },
    "nanum-neo": {
      "flake": false,
      "locked": {
        "lastModified": 1671610072,
        "narHash": "sha256-Hvs7C/lGCQuNlcF+OuaMitA8LcmYxDzrCsanaGgtXiA=",
        "owner": "moonspam",
        "repo": "NanumSquareNeo",
        "rev": "2fcec32b56150befeaddc0d751845bf8972be7f4",
        "type": "github"
      },
      "original": {
        "owner": "moonspam",
        "repo": "NanumSquareNeo",
        "type": "github"
      }
    },
    "nixos-hardware": {
      "locked": {
        "lastModified": 1771171797,
        "narHash": "sha256-ngIarpog/Hv5r9M1YyvsaaSUBCqtWqHl6pibq6n2ppo=",
        "owner": "NixOS",
        "repo": "nixos-hardware",
        "rev": "531af1dbaee7cfdd7aed1e595ce418b7e2e99a80",
        "type": "github"
      },
      "original": {
        "owner": "NixOS",
        "ref": "master",
        "repo": "nixos-hardware",
        "type": "github"
      }
    },
    "nixpkgs": {
      "locked": {
        "lastModified": 1771008912,
        "narHash": "sha256-gf2AmWVTs8lEq7z/3ZAsgnZDhWIckkb+ZnAo5RzSxJg=",
        "owner": "nixos",
        "repo": "nixpkgs",
        "rev": "a82ccc39b39b621151d6732718e3e250109076fa",
        "type": "github"
      },
      "original": {
        "owner": "nixos",
        "ref": "nixos-unstable",
        "repo": "nixpkgs",
        "type": "github"
      }
    },
    "rofi-conf": {
      "flake": false,
      "locked": {
        "lastModified": 1768906438,
        "narHash": "sha256-lgxAOk5VBFC9snjMuXnoDTB0Spkf+ziB8U2BZCAzaME=",
        "owner": "boxboy523",
        "repo": "rofi",
        "rev": "2877bef7f7bce1114d19f8fdb709bec97b611e30",
        "type": "github"
      },
      "original": {
        "owner": "boxboy523",
        "repo": "rofi",
        "type": "github"
      }
    },
    "root": {
      "inputs": {
        "emacs-conf": "emacs-conf",
        "hahmlet": "hahmlet",
        "home-manager": "home-manager",
        "hypr-conf": "hypr-conf",
        "monoplex": "monoplex",
        "nanum-neo": "nanum-neo",
        "nixos-hardware": "nixos-hardware",
        "nixpkgs": "nixpkgs",
        "rofi-conf": "rofi-conf",
        "waybar-conf": "waybar-conf"
      }
    },
    "waybar-conf": {
      "flake": false,
      "locked": {
        "lastModified": 1768906324,
        "narHash": "sha256-gaIoKQrBoANaEJ6R6jsaEB1zX+bEJP3M6R7rpE/U1sc=",
        "owner": "boxboy523",
        "repo": "waybar",
        "rev": "f50c32e65cbf0d182741e5f76a15843d8206df6a",
        "type": "github"
      },
      "original": {
        "owner": "boxboy523",
        "repo": "waybar",
        "type": "github"
      }
    }
  },
  "root": "root",
  "version": 7
}
