{
  "nodes": {
    "emacs-conf": {
      "flake": false,
      "locked": {
        "lastModified": 1770011087,
        "narHash": "sha256-PUi/QyB56UmYXDBVtf1xGjE3MBCnNd01Zgq3OOkehlo=",
        "owner": "boxboy523",
        "repo": "emacs-config",
        "rev": "eb73dd9bd2e98b5178c24b7a245570e2f2c99af0",
        "type": "github"
      },
      "original": {
        "owner": "boxboy523",
        "repo": "emacs-config",
        "type": "github"
      }
    },
    "hahmlet": {
      "flake": false,
      "locked": {
        "narHash": "sha256-zagpobkjdm121413Uc1Mo3MamFaUweYdtolghOf2jt0=",
        "type": "file",
        "url": "https://github.com/hyper-type/hahmlet"
      },
      "original": {
        "type": "file",
        "url": "https://github.com/hyper-type/hahmlet"
      }
    },
    "home-manager": {
      "inputs": {
        "nixpkgs": [
          "nixpkgs"
        ]
      },
      "locked": {
        "lastModified": 1769579508,
        "narHash": "sha256-EE2bs7xFrC64qrj0N2zP6E6e/nmhcdw6v/grdYi+BiY=",
        "owner": "nix-community",
        "repo": "home-manager",
        "rev": "eec72f127831326b042d1f35003767a4ab6a9516",
        "type": "github"
      },
      "original": {
        "owner": "nix-community",
        "repo": "home-manager",
        "type": "github"
      }
    },
    "hypr-conf": {
      "flake": false,
      "locked": {
        "lastModified": 1770011120,
        "narHash": "sha256-R6jjOYy66LhizcoUwMYiKc5t0ZPO4zgbWLz1MH984ZY=",
        "owner": "boxboy523",
        "repo": "hypr",
        "rev": "82f9e4ee7307c62a07b9fc4836bebb560219a297",
        "type": "github"
      },
      "original": {
        "owner": "boxboy523",
        "repo": "hypr",
        "type": "github"
      }
    },
    "monoplex": {
      "flake": false,
      "locked": {
        "lastModified": 1635773682,
        "narHash": "sha256-gGmFrXrMUosTTFKLq20BETa3yUEyhFKA2h7UC8pFmWE=",
        "type": "tarball",
        "url": "https://github.com/y-kim/monoplex/releases/download/v0.0.2/MonoplexKR-v0.0.2.zip"
      },
      "original": {
        "type": "tarball",
        "url": "https://github.com/y-kim/monoplex/releases/download/v0.0.2/MonoplexKR-v0.0.2.zip"
      }
    },
    "nanum-neo": {
      "flake": false,
      "locked": {
        "lastModified": 1671610072,
        "narHash": "sha256-Hvs7C/lGCQuNlcF+OuaMitA8LcmYxDzrCsanaGgtXiA=",
        "owner": "moonspam",
        "repo": "NanumSquareNeo",
        "rev": "2fcec32b56150befeaddc0d751845bf8972be7f4",
        "type": "github"
      },
      "original": {
        "owner": "moonspam",
        "repo": "NanumSquareNeo",
        "type": "github"
      }
    },
    "nixos-hardware": {
      "locked": {
        "lastModified": 1769302137,
        "narHash": "sha256-QEDtctEkOsbx8nlFh4yqPEOtr4tif6KTqWwJ37IM2ds=",
        "owner": "NixOS",
        "repo": "nixos-hardware",
        "rev": "a351494b0e35fd7c0b7a1aae82f0afddf4907aa8",
        "type": "github"
      },
      "original": {
        "owner": "NixOS",
        "ref": "master",
        "repo": "nixos-hardware",
        "type": "github"
      }
    },
    "nixpkgs": {
      "locked": {
        "lastModified": 1769170682,
        "narHash": "sha256-oMmN1lVQU0F0W2k6OI3bgdzp2YOHWYUAw79qzDSjenU=",
        "owner": "nixos",
        "repo": "nixpkgs",
        "rev": "c5296fdd05cfa2c187990dd909864da9658df755",
        "type": "github"
      },
      "original": {
        "owner": "nixos",
        "ref": "nixos-unstable",
        "repo": "nixpkgs",
        "type": "github"
      }
    },
    "rofi-conf": {
      "flake": false,
      "locked": {
        "lastModified": 1768906438,
        "narHash": "sha256-lgxAOk5VBFC9snjMuXnoDTB0Spkf+ziB8U2BZCAzaME=",
        "owner": "boxboy523",
        "repo": "rofi",
        "rev": "2877bef7f7bce1114d19f8fdb709bec97b611e30",
        "type": "github"
      },
      "original": {
        "owner": "boxboy523",
        "repo": "rofi",
        "type": "github"
      }
    },
    "root": {
      "inputs": {
        "emacs-conf": "emacs-conf",
        "hahmlet": "hahmlet",
        "home-manager": "home-manager",
        "hypr-conf": "hypr-conf",
        "monoplex": "monoplex",
        "nanum-neo": "nanum-neo",
        "nixos-hardware": "nixos-hardware",
        "nixpkgs": "nixpkgs",
        "rofi-conf": "rofi-conf",
        "waybar-conf": "waybar-conf"
      }
    },
    "waybar-conf": {
      "flake": false,
      "locked": {
        "lastModified": 1768906324,
        "narHash": "sha256-gaIoKQrBoANaEJ6R6jsaEB1zX+bEJP3M6R7rpE/U1sc=",
        "owner": "boxboy523",
        "repo": "waybar",
        "rev": "f50c32e65cbf0d182741e5f76a15843d8206df6a",
        "type": "github"
      },
      "original": {
        "owner": "boxboy523",
        "repo": "waybar",
        "type": "github"
      }
    }
  },
  "root": "root",
  "version": 7
}
